# This file was autogenerated by Stack.
# You should not edit this file by hand.
# For more information, please see the documentation at:
#   https://docs.haskellstack.org/en/stable/lock_files

packages: []
snapshots:
- completed:
    sha256: f51b4cbfe8a6df42815e203f842085528698989ea81f7c82667451ad955b1819
    size: 680576
    url: https://raw.githubusercontent.com/commercialhaskell/stackage-snapshots/master/lts/23/11.yaml
  original: lts-23.11
