# This file was autogenerated by Stack.
# You should not edit this file by hand.
# For more information, please see the documentation at:
#   https://docs.haskellstack.org/en/stable/lock_files

packages:
- completed:
    hackage: directory-1.3.8.5@sha256:dc76b8c677c4e962416eae1a554af9012da471b9217d42ca84e47fcb4fb886e6,3306
    pantry-tree:
      sha256: 51e651ef4a6a08ea17434f76140fe482bbf1e8c973801b285e8697be83cb9d97
      size: 3519
  original:
    hackage: directory-1.3.8.5
- completed:
    hackage: filepath-1.4.300.2@sha256:24f794247fcb8d26388aaec87b8e3577649f462a744bb09f01e85a60a435d5ab,6128
    pantry-tree:
      sha256: 086c1298421eaf07ca46666938bcb750ccbdcf386410e7d597f76d313d3ce98c
      size: 3998
  original:
    hackage: filepath-1.4.300.2
- completed:
    hackage: process-1.6.23.0@sha256:684028fb5ac3d1c7657fe516f2a442d95a53ae2fcf6f6151544f3ed5289f6320,2644
    pantry-tree:
      sha256: b92d01efffdbd2e12a8f778909d1534defb17fe3de599930f29b73a0a56b25a5
      size: 1790
  original:
    hackage: process-1.6.23.0
- completed:
    hackage: unix-2.8.5.1@sha256:3f702a252a313a7bcb56e3908a14e7f9f1b40e41b7bdc8ae8a9605a1a8686f06,9808
    pantry-tree:
      sha256: b961320db69795a16c4ef4eebb0a3e7ddbbbe506fa1e22dde95ee8d8501bfbe5
      size: 5821
  original:
    hackage: unix-2.8.5.1
snapshots:
- completed:
    sha256: ddd882a4577193f6002c111fb7ad443341d21418267a14116c2139be70a73cb2
    size: 679066
    url: https://raw.githubusercontent.com/commercialhaskell/stackage-snapshots/master/nightly/2024/11/21.yaml
  original: nightly-2024-11-21
