# This file was autogenerated by Stack.
# You should not edit this file by hand.
# For more information, please see the documentation at:
#   https://docs.haskellstack.org/en/stable/lock_files

packages:
- completed:
    hackage: directory-1.3.8.5@sha256:fbeec9ec346e5272167f63dcb86af513b457a7b9fc36dc818e4c7b81608d612b,3166
    pantry-tree:
      sha256: d11130a0ca9e7c8720ed1ceef4e2f0d9be4b446e67e7d15d634763a5c952877e
      size: 3519
  original:
    hackage: directory-1.3.8.5
- completed:
    hackage: filepath-1.4.300.2@sha256:345cbb1afe414a09e47737e4d14cbd51891a734e67c0ef3d77a1439518bb81e8,5900
    pantry-tree:
      sha256: 2420f7addc917bf41970a8980f52abe431b1a0fb711b00795effbb289c8ea76c
      size: 3998
  original:
    hackage: filepath-1.4.300.2
- completed:
    hackage: process-1.6.23.0@sha256:684028fb5ac3d1c7657fe516f2a442d95a53ae2fcf6f6151544f3ed5289f6320,2644
    pantry-tree:
      sha256: b92d01efffdbd2e12a8f778909d1534defb17fe3de599930f29b73a0a56b25a5
      size: 1790
  original:
    hackage: process-1.6.23.0
- completed:
    hackage: unix-2.8.5.1@sha256:3f702a252a313a7bcb56e3908a14e7f9f1b40e41b7bdc8ae8a9605a1a8686f06,9808
    pantry-tree:
      sha256: b961320db69795a16c4ef4eebb0a3e7ddbbbe506fa1e22dde95ee8d8501bfbe5
      size: 5821
  original:
    hackage: unix-2.8.5.1
- completed:
    hackage: x509-1.7.7@sha256:90eef2d745a654146fc1c325e035eaddac531e4d2145d4bc1dcf4b8fad439d34,2276
    pantry-tree:
      sha256: d81ffd09633c0417bcedbfc29f870cc843ec0750edd2f73c8fd60a5e5df278d2
      size: 1124
  original:
    hackage: x509-1.7.7
- completed:
    hackage: x509-store-1.6.9@sha256:1f1abeab5bacf1407b920d0f34f4c35a5ad450ff0d8121cd3dc76460f81e711d,1716
    pantry-tree:
      sha256: 9fc5a6a997af3569c79d5062534cc9836721b39df86bef56308f209164ab500d
      size: 398
  original:
    hackage: x509-store-1.6.9
snapshots:
- completed:
    sha256: ddd882a4577193f6002c111fb7ad443341d21418267a14116c2139be70a73cb2
    size: 679066
    url: https://raw.githubusercontent.com/commercialhaskell/stackage-snapshots/master/nightly/2024/11/21.yaml
  original: nightly-2024-11-21
