# This file was autogenerated by Stack.
# You should not edit this file by hand.
# For more information, please see the documentation at:
#   https://docs.haskellstack.org/en/stable/lock_files

packages:
- completed:
    hackage: base64-1.0@sha256:ab8084608505f30d6cf7dd790271f927fd8a00956c5e7f5546f5cf56b298022c,2991
    pantry-tree:
      sha256: 62150ae24db8e07f966679024406de4cdfe13556c9afce807f4f24d7ec03d0b5
      size: 2229
  original:
    hackage: base64-1.0
snapshots:
- completed:
    sha256: bc144ddf301a5c99f2cf51c7de50279ba144fd4486cb3c66f87ed761d6bbf6e9
    size: 719131
    url: https://raw.githubusercontent.com/commercialhaskell/stackage-snapshots/master/lts/22/27.yaml
  original: lts-22.27
