# This file was autogenerated by Stack.
# You should not edit this file by hand.
# For more information, please see the documentation at:
#   https://docs.haskellstack.org/en/stable/lock_files

packages: []
snapshots:
- completed:
    sha256: f594be174cb2b7ca5a2e22adc85de4838e45d2e590791417ad04f9017b9215bf
    size: 654063
    url: https://raw.githubusercontent.com/commercialhaskell/stackage-snapshots/master/nightly/2024/7/12.yaml
  original: nightly-2024-07-12
