# This file was autogenerated by Stack.
# You should not edit this file by hand.
# For more information, please see the documentation at:
#   https://docs.haskellstack.org/en/stable/lock_files

packages:
- completed:
    hackage: ede-0.3.4.0@sha256:079ae796f21acb046bd4ab22de332d317da6e881e41db82c8bfb13dee317d9c5,4129
    pantry-tree:
      sha256: 34c6f9995e62164eb38227002f648dd1f54823a8bcd406886856afbd0b47bb93
      size: 5871
  original:
    hackage: ede-0.3.4.0
snapshots:
- completed:
    sha256: 625d4b8b9fb3109e9c11db854a39ea32a874612c2554e343101dfe39a88071f0
    size: 658339
    url: https://raw.githubusercontent.com/commercialhaskell/stackage-snapshots/master/nightly/2025/3/6.yaml
  original: nightly-2025-03-06
