# This file was autogenerated by Stack.
# You should not edit this file by hand.
# For more information, please see the documentation at:
#   https://docs.haskellstack.org/en/stable/lock_files

packages:
- completed:
    hackage: base64-1.0@sha256:15c8b91762010dd66c4db3f740db3bfd21302080bfc57845ab1b70920bbbe2ca,2991
    pantry-tree:
      sha256: 1e79fc99fb065be808932d652f0b42994dd3814836f3e1b0d9facdb9e3b38728
      size: 2229
  original:
    hackage: base64-1.0
snapshots:
- completed:
    sha256: 08bd13ce621b41a8f5e51456b38d5b46d7783ce114a50ab604d6bbab0d002146
    size: 720271
    url: https://raw.githubusercontent.com/commercialhaskell/stackage-snapshots/master/lts/22/43.yaml
  original: lts-22.43
